// !$*UTF8*$!
{
	archiveVersion = 1;
	classes = {
	};
	objectVersion = 52;
	objects = {

/* Begin PBXBuildFile section */
		35B387A524E02A6700D9274F /* FormFilllingViewController.swift in Sources */ = {isa = PBXBuildFile; fileRef = 35B387A424E02A6700D9274F /* FormFilllingViewController.swift */; };
		35B387A724E04A9A00D9274F /* ImageUploadCell.swift in Sources */ = {isa = PBXBuildFile; fileRef = 35B387A624E04A9A00D9274F /* ImageUploadCell.swift */; };
		35B387A924E0787100D9274F /* SubcriptionResModel.swift in Sources */ = {isa = PBXBuildFile; fileRef = 35B387A824E0787100D9274F /* SubcriptionResModel.swift */; };
		35B387AB24E1B30800D9274F /* FormReqModel.swift in Sources */ = {isa = PBXBuildFile; fileRef = 35B387AA24E1B30800D9274F /* FormReqModel.swift */; };
		35B387AD24E1B31100D9274F /* FormResModel.swift in Sources */ = {isa = PBXBuildFile; fileRef = 35B387AC24E1B31100D9274F /* FormResModel.swift */; };
		35B387B024E411A200D9274F /* OrdersTableViewCell.swift in Sources */ = {isa = PBXBuildFile; fileRef = 35B387AF24E411A200D9274F /* OrdersTableViewCell.swift */; };
		35B387B224E578E400D9274F /* OrdersResModel.swift in Sources */ = {isa = PBXBuildFile; fileRef = 35B387B124E578E400D9274F /* OrdersResModel.swift */; };
		35B387B424E5907C00D9274F /* SlideCollectionViewCell.swift in Sources */ = {isa = PBXBuildFile; fileRef = 35B387B324E5907C00D9274F /* SlideCollectionViewCell.swift */; };
		35C31D5B24DC401E0067D9A5 /* AppDelegate.swift in Sources */ = {isa = PBXBuildFile; fileRef = 35C31D5A24DC401E0067D9A5 /* AppDelegate.swift */; };
		35C31D6524DC401E0067D9A5 /* Connect.xcdatamodeld in Sources */ = {isa = PBXBuildFile; fileRef = 35C31D6324DC401E0067D9A5 /* Connect.xcdatamodeld */; };
		35C31D6724DC40200067D9A5 /* Assets.xcassets in Resources */ = {isa = PBXBuildFile; fileRef = 35C31D6624DC40200067D9A5 /* Assets.xcassets */; };
		35C31D6A24DC40200067D9A5 /* LaunchScreen.storyboard in Resources */ = {isa = PBXBuildFile; fileRef = 35C31D6824DC40200067D9A5 /* LaunchScreen.storyboard */; };
		35C31D7524DC40200067D9A5 /* ConnectTests.swift in Sources */ = {isa = PBXBuildFile; fileRef = 35C31D7424DC40200067D9A5 /* ConnectTests.swift */; };
		35C31D8024DC40200067D9A5 /* ConnectUITests.swift in Sources */ = {isa = PBXBuildFile; fileRef = 35C31D7F24DC40200067D9A5 /* ConnectUITests.swift */; };
		35C31D8F24DC40A90067D9A5 /* IQKeyboardManagerSwift in Frameworks */ = {isa = PBXBuildFile; productRef = 35C31D8E24DC40A90067D9A5 /* IQKeyboardManagerSwift */; };
		35C31D9724DC46510067D9A5 /* AppColor.xcassets in Resources */ = {isa = PBXBuildFile; fileRef = 35C31D9624DC46510067D9A5 /* AppColor.xcassets */; };
		35C31D9924DC46D90067D9A5 /* Authenticate.storyboard in Resources */ = {isa = PBXBuildFile; fileRef = 35C31D9824DC46D90067D9A5 /* Authenticate.storyboard */; };
		35C31D9B24DC46F20067D9A5 /* LoginViewController.swift in Sources */ = {isa = PBXBuildFile; fileRef = 35C31D9A24DC46F20067D9A5 /* LoginViewController.swift */; };
		35C31D9D24DC47000067D9A5 /* SignUpViewController.swift in Sources */ = {isa = PBXBuildFile; fileRef = 35C31D9C24DC47000067D9A5 /* SignUpViewController.swift */; };
		35C31D9F24DC470B0067D9A5 /* OTPViewController.swift in Sources */ = {isa = PBXBuildFile; fileRef = 35C31D9E24DC470B0067D9A5 /* OTPViewController.swift */; };
		35C31DA124DC47130067D9A5 /* MobileViewController.swift in Sources */ = {isa = PBXBuildFile; fileRef = 35C31DA024DC47130067D9A5 /* MobileViewController.swift */; };
		35C31DA324DC47A20067D9A5 /* Switcher.swift in Sources */ = {isa = PBXBuildFile; fileRef = 35C31DA224DC47A20067D9A5 /* Switcher.swift */; };
		35C31DA524DC48220067D9A5 /* Main.storyboard in Resources */ = {isa = PBXBuildFile; fileRef = 35C31DA424DC48220067D9A5 /* Main.storyboard */; };
		35C31DA724DC4A670067D9A5 /* TabBarViewController.swift in Sources */ = {isa = PBXBuildFile; fileRef = 35C31DA624DC4A670067D9A5 /* TabBarViewController.swift */; };
		35C31DA924DC4C060067D9A5 /* HomeViewController.swift in Sources */ = {isa = PBXBuildFile; fileRef = 35C31DA824DC4C060067D9A5 /* HomeViewController.swift */; };
		35F9672E24DC6AE400F56411 /* UIDevice+Extensions.swift in Sources */ = {isa = PBXBuildFile; fileRef = 35F9672B24DC6AE400F56411 /* UIDevice+Extensions.swift */; };
		35F9673224DC6FC900F56411 /* UIView+Extension.swift in Sources */ = {isa = PBXBuildFile; fileRef = 35F9673124DC6FC900F56411 /* UIView+Extension.swift */; };
		35F9673424DC728000F56411 /* ConstHelper.swift in Sources */ = {isa = PBXBuildFile; fileRef = 35F9673324DC728000F56411 /* ConstHelper.swift */; };
		35F9673624DC8CC000F56411 /* VBValidatiors.swift in Sources */ = {isa = PBXBuildFile; fileRef = 35F9673524DC8CC000F56411 /* VBValidatiors.swift */; };
		35F9673824DD928500F56411 /* ProfileViewController.swift in Sources */ = {isa = PBXBuildFile; fileRef = 35F9673724DD928500F56411 /* ProfileViewController.swift */; };
		35F9673A24DD929300F56411 /* OrderHistoryViewController.swift in Sources */ = {isa = PBXBuildFile; fileRef = 35F9673924DD929300F56411 /* OrderHistoryViewController.swift */; };
		35F9673C24DD92A200F56411 /* LocationViewController.swift in Sources */ = {isa = PBXBuildFile; fileRef = 35F9673B24DD92A200F56411 /* LocationViewController.swift */; };
		35F9674124DD931E00F56411 /* Form.storyboard in Resources */ = {isa = PBXBuildFile; fileRef = 35F9674024DD931E00F56411 /* Form.storyboard */; };
		35F9674324DD93FA00F56411 /* QRViewController.swift in Sources */ = {isa = PBXBuildFile; fileRef = 35F9674224DD93FA00F56411 /* QRViewController.swift */; };
		35F9675224DDCC4A00F56411 /* GenericAPI.swift in Sources */ = {isa = PBXBuildFile; fileRef = 35F9674A24DDCC4900F56411 /* GenericAPI.swift */; };
		35F9675324DDCC4A00F56411 /* HTTPMethod.swift in Sources */ = {isa = PBXBuildFile; fileRef = 35F9674B24DDCC4900F56411 /* HTTPMethod.swift */; };
		35F9675424DDCC4A00F56411 /* Apifeed.swift in Sources */ = {isa = PBXBuildFile; fileRef = 35F9674C24DDCC4A00F56411 /* Apifeed.swift */; };
		35F9675524DDCC4A00F56411 /* APIClient.swift in Sources */ = {isa = PBXBuildFile; fileRef = 35F9674D24DDCC4A00F56411 /* APIClient.swift */; };
		35F9675624DDCC4A00F56411 /* HTTPHeader.swift in Sources */ = {isa = PBXBuildFile; fileRef = 35F9674E24DDCC4A00F56411 /* HTTPHeader.swift */; };
		35F9675724DDCC4A00F56411 /* Result.swift in Sources */ = {isa = PBXBuildFile; fileRef = 35F9674F24DDCC4A00F56411 /* Result.swift */; };
		35F9675824DDCC4A00F56411 /* Endpoint.swift in Sources */ = {isa = PBXBuildFile; fileRef = 35F9675024DDCC4A00F56411 /* Endpoint.swift */; };
		35F9675924DDCC4A00F56411 /* APIError.swift in Sources */ = {isa = PBXBuildFile; fileRef = 35F9675124DDCC4A00F56411 /* APIError.swift */; };
		35F9675C24DDCDEF00F56411 /* CategoryModel.swift in Sources */ = {isa = PBXBuildFile; fileRef = 35F9675B24DDCDEF00F56411 /* CategoryModel.swift */; };
		35F9675E24DDD46900F56411 /* UIViewController+Extension.swift in Sources */ = {isa = PBXBuildFile; fileRef = 35F9675D24DDD46900F56411 /* UIViewController+Extension.swift */; };
		35F9676224DDDDCF00F56411 /* CategoryCollectionCell.swift in Sources */ = {isa = PBXBuildFile; fileRef = 35F9676124DDDDCF00F56411 /* CategoryCollectionCell.swift */; };
		35F9676824DDF10500F56411 /* KingfisherStatic in Frameworks */ = {isa = PBXBuildFile; productRef = 35F9676724DDF10500F56411 /* KingfisherStatic */; };
		35F9676A24DDF10500F56411 /* KingfisherDynamic in Frameworks */ = {isa = PBXBuildFile; productRef = 35F9676924DDF10500F56411 /* KingfisherDynamic */; };
		35F9676B24DDF10500F56411 /* KingfisherDynamic in Embed Frameworks */ = {isa = PBXBuildFile; productRef = 35F9676924DDF10500F56411 /* KingfisherDynamic */; settings = {ATTRIBUTES = (CodeSignOnCopy, ); }; };
		35F9676D24DDF10500F56411 /* Kingfisher in Frameworks */ = {isa = PBXBuildFile; productRef = 35F9676C24DDF10500F56411 /* Kingfisher */; };
		35F9677824DF9DE600F56411 /* QRCell.swift in Sources */ = {isa = PBXBuildFile; fileRef = 35F9677724DF9DE600F56411 /* QRCell.swift */; };
		35F9677B24DFC20A00F56411 /* Lottie in Frameworks */ = {isa = PBXBuildFile; productRef = 35F9677A24DFC20A00F56411 /* Lottie */; };
		35F9677F24DFE71200F56411 /* LoginReqModel.swift in Sources */ = {isa = PBXBuildFile; fileRef = 35F9677E24DFE71200F56411 /* LoginReqModel.swift */; };
		35F9678124DFE71B00F56411 /* LoginResModel.swift in Sources */ = {isa = PBXBuildFile; fileRef = 35F9678024DFE71B00F56411 /* LoginResModel.swift */; };
		35F9678524DFE9F400F56411 /* AlertMessage.swift in Sources */ = {isa = PBXBuildFile; fileRef = 35F9678424DFE9F400F56411 /* AlertMessage.swift */; };
		35F9678724DFECE500F56411 /* RegistrationReqModel.swift in Sources */ = {isa = PBXBuildFile; fileRef = 35F9678624DFECE400F56411 /* RegistrationReqModel.swift */; };
		35F9678924DFECF400F56411 /* RegistrationResModel.swift in Sources */ = {isa = PBXBuildFile; fileRef = 35F9678824DFECF400F56411 /* RegistrationResModel.swift */; };
		35F9678B24DFF10E00F56411 /* OTPReqModel.swift in Sources */ = {isa = PBXBuildFile; fileRef = 35F9678A24DFF10E00F56411 /* OTPReqModel.swift */; };
		35F9678D24DFF11700F56411 /* OTPResModel.swift in Sources */ = {isa = PBXBuildFile; fileRef = 35F9678C24DFF11700F56411 /* OTPResModel.swift */; };
		35F9679024E011F900F56411 /* ImagePicker.swift in Sources */ = {isa = PBXBuildFile; fileRef = 35F9678F24E011F900F56411 /* ImagePicker.swift */; };
		35F9679224E013E700F56411 /* ImageResModel.swift in Sources */ = {isa = PBXBuildFile; fileRef = 35F9679124E013E700F56411 /* ImageResModel.swift */; };
/* End PBXBuildFile section */

/* Begin PBXContainerItemProxy section */
		35C31D7124DC40200067D9A5 /* PBXContainerItemProxy */ = {
			isa = PBXContainerItemProxy;
			containerPortal = 35C31D4F24DC401E0067D9A5 /* Project object */;
			proxyType = 1;
			remoteGlobalIDString = 35C31D5624DC401E0067D9A5;
			remoteInfo = Connect;
		};
		35C31D7C24DC40200067D9A5 /* PBXContainerItemProxy */ = {
			isa = PBXContainerItemProxy;
			containerPortal = 35C31D4F24DC401E0067D9A5 /* Project object */;
			proxyType = 1;
			remoteGlobalIDString = 35C31D5624DC401E0067D9A5;
			remoteInfo = Connect;
		};
/* End PBXContainerItemProxy section */

/* Begin PBXCopyFilesBuildPhase section */
		35F9676E24DDF10500F56411 /* Embed Frameworks */ = {
			isa = PBXCopyFilesBuildPhase;
			buildActionMask = 2147483647;
			dstPath = "";
			dstSubfolderSpec = 10;
			files = (
				35F9676B24DDF10500F56411 /* KingfisherDynamic in Embed Frameworks */,
			);
			name = "Embed Frameworks";
			runOnlyForDeploymentPostprocessing = 0;
		};
/* End PBXCopyFilesBuildPhase section */

/* Begin PBXFileReference section */
		35B387A424E02A6700D9274F /* FormFilllingViewController.swift */ = {isa = PBXFileReference; lastKnownFileType = sourcecode.swift; path = FormFilllingViewController.swift; sourceTree = "<group>"; };
		35B387A624E04A9A00D9274F /* ImageUploadCell.swift */ = {isa = PBXFileReference; lastKnownFileType = sourcecode.swift; path = ImageUploadCell.swift; sourceTree = "<group>"; };
		35B387A824E0787100D9274F /* SubcriptionResModel.swift */ = {isa = PBXFileReference; lastKnownFileType = sourcecode.swift; path = SubcriptionResModel.swift; sourceTree = "<group>"; };
		35B387AA24E1B30800D9274F /* FormReqModel.swift */ = {isa = PBXFileReference; lastKnownFileType = sourcecode.swift; path = FormReqModel.swift; sourceTree = "<group>"; };
		35B387AC24E1B31100D9274F /* FormResModel.swift */ = {isa = PBXFileReference; lastKnownFileType = sourcecode.swift; path = FormResModel.swift; sourceTree = "<group>"; };
		35B387AF24E411A200D9274F /* OrdersTableViewCell.swift */ = {isa = PBXFileReference; lastKnownFileType = sourcecode.swift; path = OrdersTableViewCell.swift; sourceTree = "<group>"; };
		35B387B124E578E400D9274F /* OrdersResModel.swift */ = {isa = PBXFileReference; lastKnownFileType = sourcecode.swift; path = OrdersResModel.swift; sourceTree = "<group>"; };
		35B387B324E5907C00D9274F /* SlideCollectionViewCell.swift */ = {isa = PBXFileReference; lastKnownFileType = sourcecode.swift; path = SlideCollectionViewCell.swift; sourceTree = "<group>"; };
		35C31D5724DC401E0067D9A5 /* Connect.app */ = {isa = PBXFileReference; explicitFileType = wrapper.application; includeInIndex = 0; path = Connect.app; sourceTree = BUILT_PRODUCTS_DIR; };
		35C31D5A24DC401E0067D9A5 /* AppDelegate.swift */ = {isa = PBXFileReference; lastKnownFileType = sourcecode.swift; path = AppDelegate.swift; sourceTree = "<group>"; };
		35C31D6424DC401E0067D9A5 /* Connect.xcdatamodel */ = {isa = PBXFileReference; lastKnownFileType = wrapper.xcdatamodel; path = Connect.xcdatamodel; sourceTree = "<group>"; };
		35C31D6624DC40200067D9A5 /* Assets.xcassets */ = {isa = PBXFileReference; lastKnownFileType = folder.assetcatalog; path = Assets.xcassets; sourceTree = "<group>"; };
		35C31D6924DC40200067D9A5 /* Base */ = {isa = PBXFileReference; lastKnownFileType = file.storyboard; name = Base; path = Base.lproj/LaunchScreen.storyboard; sourceTree = "<group>"; };
		35C31D6B24DC40200067D9A5 /* Info.plist */ = {isa = PBXFileReference; lastKnownFileType = text.plist.xml; path = Info.plist; sourceTree = "<group>"; };
		35C31D7024DC40200067D9A5 /* ConnectTests.xctest */ = {isa = PBXFileReference; explicitFileType = wrapper.cfbundle; includeInIndex = 0; path = ConnectTests.xctest; sourceTree = BUILT_PRODUCTS_DIR; };
		35C31D7424DC40200067D9A5 /* ConnectTests.swift */ = {isa = PBXFileReference; lastKnownFileType = sourcecode.swift; path = ConnectTests.swift; sourceTree = "<group>"; };
		35C31D7624DC40200067D9A5 /* Info.plist */ = {isa = PBXFileReference; lastKnownFileType = text.plist.xml; path = Info.plist; sourceTree = "<group>"; };
		35C31D7B24DC40200067D9A5 /* ConnectUITests.xctest */ = {isa = PBXFileReference; explicitFileType = wrapper.cfbundle; includeInIndex = 0; path = ConnectUITests.xctest; sourceTree = BUILT_PRODUCTS_DIR; };
		35C31D7F24DC40200067D9A5 /* ConnectUITests.swift */ = {isa = PBXFileReference; lastKnownFileType = sourcecode.swift; path = ConnectUITests.swift; sourceTree = "<group>"; };
		35C31D8124DC40200067D9A5 /* Info.plist */ = {isa = PBXFileReference; lastKnownFileType = text.plist.xml; path = Info.plist; sourceTree = "<group>"; };
		35C31D9624DC46510067D9A5 /* AppColor.xcassets */ = {isa = PBXFileReference; lastKnownFileType = folder.assetcatalog; path = AppColor.xcassets; sourceTree = "<group>"; };
		35C31D9824DC46D90067D9A5 /* Authenticate.storyboard */ = {isa = PBXFileReference; lastKnownFileType = file.storyboard; path = Authenticate.storyboard; sourceTree = "<group>"; };
		35C31D9A24DC46F20067D9A5 /* LoginViewController.swift */ = {isa = PBXFileReference; lastKnownFileType = sourcecode.swift; path = LoginViewController.swift; sourceTree = "<group>"; };
		35C31D9C24DC47000067D9A5 /* SignUpViewController.swift */ = {isa = PBXFileReference; lastKnownFileType = sourcecode.swift; path = SignUpViewController.swift; sourceTree = "<group>"; };
		35C31D9E24DC470B0067D9A5 /* OTPViewController.swift */ = {isa = PBXFileReference; lastKnownFileType = sourcecode.swift; path = OTPViewController.swift; sourceTree = "<group>"; };
		35C31DA024DC47130067D9A5 /* MobileViewController.swift */ = {isa = PBXFileReference; lastKnownFileType = sourcecode.swift; path = MobileViewController.swift; sourceTree = "<group>"; };
		35C31DA224DC47A20067D9A5 /* Switcher.swift */ = {isa = PBXFileReference; lastKnownFileType = sourcecode.swift; path = Switcher.swift; sourceTree = "<group>"; };
		35C31DA424DC48220067D9A5 /* Main.storyboard */ = {isa = PBXFileReference; lastKnownFileType = file.storyboard; path = Main.storyboard; sourceTree = "<group>"; };
		35C31DA624DC4A670067D9A5 /* TabBarViewController.swift */ = {isa = PBXFileReference; lastKnownFileType = sourcecode.swift; path = TabBarViewController.swift; sourceTree = "<group>"; };
		35C31DA824DC4C060067D9A5 /* HomeViewController.swift */ = {isa = PBXFileReference; lastKnownFileType = sourcecode.swift; path = HomeViewController.swift; sourceTree = "<group>"; };
		35F9672B24DC6AE400F56411 /* UIDevice+Extensions.swift */ = {isa = PBXFileReference; fileEncoding = 4; lastKnownFileType = sourcecode.swift; path = "UIDevice+Extensions.swift"; sourceTree = "<group>"; };
		35F9673124DC6FC900F56411 /* UIView+Extension.swift */ = {isa = PBXFileReference; lastKnownFileType = sourcecode.swift; path = "UIView+Extension.swift"; sourceTree = "<group>"; };
		35F9673324DC728000F56411 /* ConstHelper.swift */ = {isa = PBXFileReference; lastKnownFileType = sourcecode.swift; path = ConstHelper.swift; sourceTree = "<group>"; };
		35F9673524DC8CC000F56411 /* VBValidatiors.swift */ = {isa = PBXFileReference; lastKnownFileType = sourcecode.swift; path = VBValidatiors.swift; sourceTree = "<group>"; };
		35F9673724DD928500F56411 /* ProfileViewController.swift */ = {isa = PBXFileReference; lastKnownFileType = sourcecode.swift; path = ProfileViewController.swift; sourceTree = "<group>"; };
		35F9673924DD929300F56411 /* OrderHistoryViewController.swift */ = {isa = PBXFileReference; lastKnownFileType = sourcecode.swift; path = OrderHistoryViewController.swift; sourceTree = "<group>"; };
		35F9673B24DD92A200F56411 /* LocationViewController.swift */ = {isa = PBXFileReference; lastKnownFileType = sourcecode.swift; path = LocationViewController.swift; sourceTree = "<group>"; };
		35F9674024DD931E00F56411 /* Form.storyboard */ = {isa = PBXFileReference; lastKnownFileType = file.storyboard; path = Form.storyboard; sourceTree = "<group>"; };
		35F9674224DD93FA00F56411 /* QRViewController.swift */ = {isa = PBXFileReference; lastKnownFileType = sourcecode.swift; path = QRViewController.swift; sourceTree = "<group>"; };
		35F9674A24DDCC4900F56411 /* GenericAPI.swift */ = {isa = PBXFileReference; fileEncoding = 4; lastKnownFileType = sourcecode.swift; path = GenericAPI.swift; sourceTree = "<group>"; };
		35F9674B24DDCC4900F56411 /* HTTPMethod.swift */ = {isa = PBXFileReference; fileEncoding = 4; lastKnownFileType = sourcecode.swift; path = HTTPMethod.swift; sourceTree = "<group>"; };
		35F9674C24DDCC4A00F56411 /* Apifeed.swift */ = {isa = PBXFileReference; fileEncoding = 4; lastKnownFileType = sourcecode.swift; path = Apifeed.swift; sourceTree = "<group>"; };
		35F9674D24DDCC4A00F56411 /* APIClient.swift */ = {isa = PBXFileReference; fileEncoding = 4; lastKnownFileType = sourcecode.swift; path = APIClient.swift; sourceTree = "<group>"; };
		35F9674E24DDCC4A00F56411 /* HTTPHeader.swift */ = {isa = PBXFileReference; fileEncoding = 4; lastKnownFileType = sourcecode.swift; path = HTTPHeader.swift; sourceTree = "<group>"; };
		35F9674F24DDCC4A00F56411 /* Result.swift */ = {isa = PBXFileReference; fileEncoding = 4; lastKnownFileType = sourcecode.swift; path = Result.swift; sourceTree = "<group>"; };
		35F9675024DDCC4A00F56411 /* Endpoint.swift */ = {isa = PBXFileReference; fileEncoding = 4; lastKnownFileType = sourcecode.swift; path = Endpoint.swift; sourceTree = "<group>"; };
		35F9675124DDCC4A00F56411 /* APIError.swift */ = {isa = PBXFileReference; fileEncoding = 4; lastKnownFileType = sourcecode.swift; path = APIError.swift; sourceTree = "<group>"; };
		35F9675B24DDCDEF00F56411 /* CategoryModel.swift */ = {isa = PBXFileReference; lastKnownFileType = sourcecode.swift; path = CategoryModel.swift; sourceTree = "<group>"; };
		35F9675D24DDD46900F56411 /* UIViewController+Extension.swift */ = {isa = PBXFileReference; lastKnownFileType = sourcecode.swift; path = "UIViewController+Extension.swift"; sourceTree = "<group>"; };
		35F9676124DDDDCF00F56411 /* CategoryCollectionCell.swift */ = {isa = PBXFileReference; lastKnownFileType = sourcecode.swift; path = CategoryCollectionCell.swift; sourceTree = "<group>"; };
		35F9677724DF9DE600F56411 /* QRCell.swift */ = {isa = PBXFileReference; lastKnownFileType = sourcecode.swift; path = QRCell.swift; sourceTree = "<group>"; };
		35F9677E24DFE71200F56411 /* LoginReqModel.swift */ = {isa = PBXFileReference; lastKnownFileType = sourcecode.swift; path = LoginReqModel.swift; sourceTree = "<group>"; };
		35F9678024DFE71B00F56411 /* LoginResModel.swift */ = {isa = PBXFileReference; lastKnownFileType = sourcecode.swift; path = LoginResModel.swift; sourceTree = "<group>"; };
		35F9678424DFE9F400F56411 /* AlertMessage.swift */ = {isa = PBXFileReference; lastKnownFileType = sourcecode.swift; path = AlertMessage.swift; sourceTree = "<group>"; };
		35F9678624DFECE400F56411 /* RegistrationReqModel.swift */ = {isa = PBXFileReference; lastKnownFileType = sourcecode.swift; path = RegistrationReqModel.swift; sourceTree = "<group>"; };
		35F9678824DFECF400F56411 /* RegistrationResModel.swift */ = {isa = PBXFileReference; lastKnownFileType = sourcecode.swift; path = RegistrationResModel.swift; sourceTree = "<group>"; };
		35F9678A24DFF10E00F56411 /* OTPReqModel.swift */ = {isa = PBXFileReference; lastKnownFileType = sourcecode.swift; path = OTPReqModel.swift; sourceTree = "<group>"; };
		35F9678C24DFF11700F56411 /* OTPResModel.swift */ = {isa = PBXFileReference; lastKnownFileType = sourcecode.swift; path = OTPResModel.swift; sourceTree = "<group>"; };
		35F9678F24E011F900F56411 /* ImagePicker.swift */ = {isa = PBXFileReference; fileEncoding = 4; lastKnownFileType = sourcecode.swift; path = ImagePicker.swift; sourceTree = "<group>"; };
		35F9679124E013E700F56411 /* ImageResModel.swift */ = {isa = PBXFileReference; lastKnownFileType = sourcecode.swift; path = ImageResModel.swift; sourceTree = "<group>"; };
/* End PBXFileReference section */

/* Begin PBXFrameworksBuildPhase section */
		35C31D5424DC401E0067D9A5 /* Frameworks */ = {
			isa = PBXFrameworksBuildPhase;
			buildActionMask = 2147483647;
			files = (
				35F9677B24DFC20A00F56411 /* Lottie in Frameworks */,
				35F9676D24DDF10500F56411 /* Kingfisher in Frameworks */,
				35F9676824DDF10500F56411 /* KingfisherStatic in Frameworks */,
				35C31D8F24DC40A90067D9A5 /* IQKeyboardManagerSwift in Frameworks */,
				35F9676A24DDF10500F56411 /* KingfisherDynamic in Frameworks */,
			);
			runOnlyForDeploymentPostprocessing = 0;
		};
		35C31D6D24DC40200067D9A5 /* Frameworks */ = {
			isa = PBXFrameworksBuildPhase;
			buildActionMask = 2147483647;
			files = (
			);
			runOnlyForDeploymentPostprocessing = 0;
		};
		35C31D7824DC40200067D9A5 /* Frameworks */ = {
			isa = PBXFrameworksBuildPhase;
			buildActionMask = 2147483647;
			files = (
			);
			runOnlyForDeploymentPostprocessing = 0;
		};
/* End PBXFrameworksBuildPhase section */

/* Begin PBXGroup section */
		35C31D4E24DC401E0067D9A5 = {
			isa = PBXGroup;
			children = (
				35C31D5924DC401E0067D9A5 /* Connect */,
				35C31D7324DC40200067D9A5 /* ConnectTests */,
				35C31D7E24DC40200067D9A5 /* ConnectUITests */,
				35C31D5824DC401E0067D9A5 /* Products */,
			);
			sourceTree = "<group>";
		};
		35C31D5824DC401E0067D9A5 /* Products */ = {
			isa = PBXGroup;
			children = (
				35C31D5724DC401E0067D9A5 /* Connect.app */,
				35C31D7024DC40200067D9A5 /* ConnectTests.xctest */,
				35C31D7B24DC40200067D9A5 /* ConnectUITests.xctest */,
			);
			name = Products;
			sourceTree = "<group>";
		};
		35C31D5924DC401E0067D9A5 /* Connect */ = {
			isa = PBXGroup;
			children = (
				35F9678E24E011D900F56411 /* ImagePicker */,
				35F9675A24DDCCD700F56411 /* Model */,
				35F9674924DDCC2A00F56411 /* Network */,
				35F9673D24DD92FE00F56411 /* FormToQR */,
				35C31D9524DC45BA0067D9A5 /* Authentication */,
				35F9673024DC6AED00F56411 /* Helper */,
				35C31D5A24DC401E0067D9A5 /* AppDelegate.swift */,
				35C31DA624DC4A670067D9A5 /* TabBarViewController.swift */,
				35C31DA824DC4C060067D9A5 /* HomeViewController.swift */,
				35F9673724DD928500F56411 /* ProfileViewController.swift */,
				35F9673924DD929300F56411 /* OrderHistoryViewController.swift */,
				35F9673B24DD92A200F56411 /* LocationViewController.swift */,
				35F9674824DDB83400F56411 /* Custom Cell */,
				35C31D6624DC40200067D9A5 /* Assets.xcassets */,
				35C31D9624DC46510067D9A5 /* AppColor.xcassets */,
				35C31D6824DC40200067D9A5 /* LaunchScreen.storyboard */,
				35C31D6B24DC40200067D9A5 /* Info.plist */,
				35C31D6324DC401E0067D9A5 /* Connect.xcdatamodeld */,
				35C31DA424DC48220067D9A5 /* Main.storyboard */,
			);
			path = Connect;
			sourceTree = "<group>";
		};
		35C31D7324DC40200067D9A5 /* ConnectTests */ = {
			isa = PBXGroup;
			children = (
				35C31D7424DC40200067D9A5 /* ConnectTests.swift */,
				35C31D7624DC40200067D9A5 /* Info.plist */,
			);
			path = ConnectTests;
			sourceTree = "<group>";
		};
		35C31D7E24DC40200067D9A5 /* ConnectUITests */ = {
			isa = PBXGroup;
			children = (
				35C31D7F24DC40200067D9A5 /* ConnectUITests.swift */,
				35C31D8124DC40200067D9A5 /* Info.plist */,
			);
			path = ConnectUITests;
			sourceTree = "<group>";
		};
		35C31D9524DC45BA0067D9A5 /* Authentication */ = {
			isa = PBXGroup;
			children = (
				35C31D9824DC46D90067D9A5 /* Authenticate.storyboard */,
				35C31D9A24DC46F20067D9A5 /* LoginViewController.swift */,
				35C31D9C24DC47000067D9A5 /* SignUpViewController.swift */,
				35C31D9E24DC470B0067D9A5 /* OTPViewController.swift */,
				35C31DA024DC47130067D9A5 /* MobileViewController.swift */,
			);
			path = Authentication;
			sourceTree = "<group>";
		};
		35F9673024DC6AED00F56411 /* Helper */ = {
			isa = PBXGroup;
			children = (
				35C31DA224DC47A20067D9A5 /* Switcher.swift */,
				35F9672B24DC6AE400F56411 /* UIDevice+Extensions.swift */,
				35F9673124DC6FC900F56411 /* UIView+Extension.swift */,
				35F9675D24DDD46900F56411 /* UIViewController+Extension.swift */,
				35F9673324DC728000F56411 /* ConstHelper.swift */,
				35F9673524DC8CC000F56411 /* VBValidatiors.swift */,
			);
			path = Helper;
			sourceTree = "<group>";
		};
		35F9673D24DD92FE00F56411 /* FormToQR */ = {
			isa = PBXGroup;
			children = (
				35F9676F24DF0AB500F56411 /* CustomCell */,
				35F9674224DD93FA00F56411 /* QRViewController.swift */,
				35B387A424E02A6700D9274F /* FormFilllingViewController.swift */,
				35F9674024DD931E00F56411 /* Form.storyboard */,
			);
			path = FormToQR;
			sourceTree = "<group>";
		};
		35F9674824DDB83400F56411 /* Custom Cell */ = {
			isa = PBXGroup;
			children = (
				35F9676124DDDDCF00F56411 /* CategoryCollectionCell.swift */,
				35B387AF24E411A200D9274F /* OrdersTableViewCell.swift */,
			);
			path = "Custom Cell";
			sourceTree = "<group>";
		};
		35F9674924DDCC2A00F56411 /* Network */ = {
			isa = PBXGroup;
			children = (
				35F9674D24DDCC4A00F56411 /* APIClient.swift */,
				35F9675124DDCC4A00F56411 /* APIError.swift */,
				35F9678424DFE9F400F56411 /* AlertMessage.swift */,
				35F9674C24DDCC4A00F56411 /* Apifeed.swift */,
				35F9675024DDCC4A00F56411 /* Endpoint.swift */,
				35F9674A24DDCC4900F56411 /* GenericAPI.swift */,
				35F9674E24DDCC4A00F56411 /* HTTPHeader.swift */,
				35F9674B24DDCC4900F56411 /* HTTPMethod.swift */,
				35F9674F24DDCC4A00F56411 /* Result.swift */,
			);
			path = Network;
			sourceTree = "<group>";
		};
		35F9675A24DDCCD700F56411 /* Model */ = {
			isa = PBXGroup;
			children = (
				35F9675B24DDCDEF00F56411 /* CategoryModel.swift */,
				35F9677E24DFE71200F56411 /* LoginReqModel.swift */,
				35F9678024DFE71B00F56411 /* LoginResModel.swift */,
				35F9678624DFECE400F56411 /* RegistrationReqModel.swift */,
				35F9678824DFECF400F56411 /* RegistrationResModel.swift */,
				35F9678A24DFF10E00F56411 /* OTPReqModel.swift */,
				35F9678C24DFF11700F56411 /* OTPResModel.swift */,
				35F9679124E013E700F56411 /* ImageResModel.swift */,
				35B387A824E0787100D9274F /* SubcriptionResModel.swift */,
				35B387AA24E1B30800D9274F /* FormReqModel.swift */,
				35B387AC24E1B31100D9274F /* FormResModel.swift */,
				35B387B124E578E400D9274F /* OrdersResModel.swift */,
			);
			path = Model;
			sourceTree = "<group>";
		};
		35F9676F24DF0AB500F56411 /* CustomCell */ = {
			isa = PBXGroup;
			children = (
				35F9677724DF9DE600F56411 /* QRCell.swift */,
				35B387A624E04A9A00D9274F /* ImageUploadCell.swift */,
				35B387B324E5907C00D9274F /* SlideCollectionViewCell.swift */,
			);
			path = CustomCell;
			sourceTree = "<group>";
		};
		35F9678E24E011D900F56411 /* ImagePicker */ = {
			isa = PBXGroup;
			children = (
				35F9678F24E011F900F56411 /* ImagePicker.swift */,
			);
			path = ImagePicker;
			sourceTree = "<group>";
		};
/* End PBXGroup section */

/* Begin PBXNativeTarget section */
		35C31D5624DC401E0067D9A5 /* Connect */ = {
			isa = PBXNativeTarget;
			buildConfigurationList = 35C31D8424DC40200067D9A5 /* Build configuration list for PBXNativeTarget "Connect" */;
			buildPhases = (
				35C31D5324DC401E0067D9A5 /* Sources */,
				35C31D5424DC401E0067D9A5 /* Frameworks */,
				35C31D5524DC401E0067D9A5 /* Resources */,
				35F9676E24DDF10500F56411 /* Embed Frameworks */,
			);
			buildRules = (
			);
			dependencies = (
			);
			name = Connect;
			packageProductDependencies = (
				35C31D8E24DC40A90067D9A5 /* IQKeyboardManagerSwift */,
				35F9676724DDF10500F56411 /* KingfisherStatic */,
				35F9676924DDF10500F56411 /* KingfisherDynamic */,
				35F9676C24DDF10500F56411 /* Kingfisher */,
				35F9677A24DFC20A00F56411 /* Lottie */,
			);
			productName = Connect;
			productReference = 35C31D5724DC401E0067D9A5 /* Connect.app */;
			productType = "com.apple.product-type.application";
		};
		35C31D6F24DC40200067D9A5 /* ConnectTests */ = {
			isa = PBXNativeTarget;
			buildConfigurationList = 35C31D8724DC40200067D9A5 /* Build configuration list for PBXNativeTarget "ConnectTests" */;
			buildPhases = (
				35C31D6C24DC40200067D9A5 /* Sources */,
				35C31D6D24DC40200067D9A5 /* Frameworks */,
				35C31D6E24DC40200067D9A5 /* Resources */,
			);
			buildRules = (
			);
			dependencies = (
				35C31D7224DC40200067D9A5 /* PBXTargetDependency */,
			);
			name = ConnectTests;
			productName = ConnectTests;
			productReference = 35C31D7024DC40200067D9A5 /* ConnectTests.xctest */;
			productType = "com.apple.product-type.bundle.unit-test";
		};
		35C31D7A24DC40200067D9A5 /* ConnectUITests */ = {
			isa = PBXNativeTarget;
			buildConfigurationList = 35C31D8A24DC40200067D9A5 /* Build configuration list for PBXNativeTarget "ConnectUITests" */;
			buildPhases = (
				35C31D7724DC40200067D9A5 /* Sources */,
				35C31D7824DC40200067D9A5 /* Frameworks */,
				35C31D7924DC40200067D9A5 /* Resources */,
			);
			buildRules = (
			);
			dependencies = (
				35C31D7D24DC40200067D9A5 /* PBXTargetDependency */,
			);
			name = ConnectUITests;
			productName = ConnectUITests;
			productReference = 35C31D7B24DC40200067D9A5 /* ConnectUITests.xctest */;
			productType = "com.apple.product-type.bundle.ui-testing";
		};
/* End PBXNativeTarget section */

/* Begin PBXProject section */
		35C31D4F24DC401E0067D9A5 /* Project object */ = {
			isa = PBXProject;
			attributes = {
				LastSwiftUpdateCheck = 1160;
				LastUpgradeCheck = 1160;
				ORGANIZATIONNAME = "Venkatesh Botla";
				TargetAttributes = {
					35C31D5624DC401E0067D9A5 = {
						CreatedOnToolsVersion = 11.6;
					};
					35C31D6F24DC40200067D9A5 = {
						CreatedOnToolsVersion = 11.6;
						TestTargetID = 35C31D5624DC401E0067D9A5;
					};
					35C31D7A24DC40200067D9A5 = {
						CreatedOnToolsVersion = 11.6;
						TestTargetID = 35C31D5624DC401E0067D9A5;
					};
				};
			};
			buildConfigurationList = 35C31D5224DC401E0067D9A5 /* Build configuration list for PBXProject "Connect" */;
			compatibilityVersion = "Xcode 9.3";
			developmentRegion = en;
			hasScannedForEncodings = 0;
			knownRegions = (
				en,
				Base,
			);
			mainGroup = 35C31D4E24DC401E0067D9A5;
			packageReferences = (
				35C31D8D24DC40A90067D9A5 /* XCRemoteSwiftPackageReference "IQKeyboardManager" */,
				35F9676624DDF10500F56411 /* XCRemoteSwiftPackageReference "Kingfisher" */,
				35F9677924DFC20A00F56411 /* XCRemoteSwiftPackageReference "lottie-ios" */,
			);
			productRefGroup = 35C31D5824DC401E0067D9A5 /* Products */;
			projectDirPath = "";
			projectRoot = "";
			targets = (
				35C31D5624DC401E0067D9A5 /* Connect */,
				35C31D6F24DC40200067D9A5 /* ConnectTests */,
				35C31D7A24DC40200067D9A5 /* ConnectUITests */,
			);
		};
/* End PBXProject section */

/* Begin PBXResourcesBuildPhase section */
		35C31D5524DC401E0067D9A5 /* Resources */ = {
			isa = PBXResourcesBuildPhase;
			buildActionMask = 2147483647;
			files = (
				35C31D6A24DC40200067D9A5 /* LaunchScreen.storyboard in Resources */,
				35C31DA524DC48220067D9A5 /* Main.storyboard in Resources */,
				35C31D9724DC46510067D9A5 /* AppColor.xcassets in Resources */,
				35C31D9924DC46D90067D9A5 /* Authenticate.storyboard in Resources */,
				35F9674124DD931E00F56411 /* Form.storyboard in Resources */,
				35C31D6724DC40200067D9A5 /* Assets.xcassets in Resources */,
			);
			runOnlyForDeploymentPostprocessing = 0;
		};
		35C31D6E24DC40200067D9A5 /* Resources */ = {
			isa = PBXResourcesBuildPhase;
			buildActionMask = 2147483647;
			files = (
			);
			runOnlyForDeploymentPostprocessing = 0;
		};
		35C31D7924DC40200067D9A5 /* Resources */ = {
			isa = PBXResourcesBuildPhase;
			buildActionMask = 2147483647;
			files = (
			);
			runOnlyForDeploymentPostprocessing = 0;
		};
/* End PBXResourcesBuildPhase section */

/* Begin PBXSourcesBuildPhase section */
		35C31D5324DC401E0067D9A5 /* Sources */ = {
			isa = PBXSourcesBuildPhase;
			buildActionMask = 2147483647;
			files = (
				35B387A724E04A9A00D9274F /* ImageUploadCell.swift in Sources */,
				35F9676224DDDDCF00F56411 /* CategoryCollectionCell.swift in Sources */,
				35F9675824DDCC4A00F56411 /* Endpoint.swift in Sources */,
				35F9673A24DD929300F56411 /* OrderHistoryViewController.swift in Sources */,
				35C31DA724DC4A670067D9A5 /* TabBarViewController.swift in Sources */,
				35F9673224DC6FC900F56411 /* UIView+Extension.swift in Sources */,
				35C31D9F24DC470B0067D9A5 /* OTPViewController.swift in Sources */,
				35F9673C24DD92A200F56411 /* LocationViewController.swift in Sources */,
				35C31D9B24DC46F20067D9A5 /* LoginViewController.swift in Sources */,
				35F9678724DFECE500F56411 /* RegistrationReqModel.swift in Sources */,
				35C31DA124DC47130067D9A5 /* MobileViewController.swift in Sources */,
				35B387A524E02A6700D9274F /* FormFilllingViewController.swift in Sources */,
				35B387AD24E1B31100D9274F /* FormResModel.swift in Sources */,
				35C31D5B24DC401E0067D9A5 /* AppDelegate.swift in Sources */,
				35F9672E24DC6AE400F56411 /* UIDevice+Extensions.swift in Sources */,
				35F9673424DC728000F56411 /* ConstHelper.swift in Sources */,
				35F9675524DDCC4A00F56411 /* APIClient.swift in Sources */,
				35F9678B24DFF10E00F56411 /* OTPReqModel.swift in Sources */,
				35B387B024E411A200D9274F /* OrdersTableViewCell.swift in Sources */,
				35F9679024E011F900F56411 /* ImagePicker.swift in Sources */,
				35F9675924DDCC4A00F56411 /* APIError.swift in Sources */,
				35F9675224DDCC4A00F56411 /* GenericAPI.swift in Sources */,
				35F9674324DD93FA00F56411 /* QRViewController.swift in Sources */,
				35F9677824DF9DE600F56411 /* QRCell.swift in Sources */,
				35F9675C24DDCDEF00F56411 /* CategoryModel.swift in Sources */,
				35F9675724DDCC4A00F56411 /* Result.swift in Sources */,
				35F9675E24DDD46900F56411 /* UIViewController+Extension.swift in Sources */,
				35F9678524DFE9F400F56411 /* AlertMessage.swift in Sources */,
				35F9678D24DFF11700F56411 /* OTPResModel.swift in Sources */,
				35F9675424DDCC4A00F56411 /* Apifeed.swift in Sources */,
				35F9673624DC8CC000F56411 /* VBValidatiors.swift in Sources */,
				35F9677F24DFE71200F56411 /* LoginReqModel.swift in Sources */,
				35F9675324DDCC4A00F56411 /* HTTPMethod.swift in Sources */,
				35F9675624DDCC4A00F56411 /* HTTPHeader.swift in Sources */,
				35C31DA924DC4C060067D9A5 /* HomeViewController.swift in Sources */,
				35F9678924DFECF400F56411 /* RegistrationResModel.swift in Sources */,
				35C31DA324DC47A20067D9A5 /* Switcher.swift in Sources */,
				35F9678124DFE71B00F56411 /* LoginResModel.swift in Sources */,
				35B387B424E5907C00D9274F /* SlideCollectionViewCell.swift in Sources */,
				35B387A924E0787100D9274F /* SubcriptionResModel.swift in Sources */,
				35C31D6524DC401E0067D9A5 /* Connect.xcdatamodeld in Sources */,
				35B387B224E578E400D9274F /* OrdersResModel.swift in Sources */,
				35F9673824DD928500F56411 /* ProfileViewController.swift in Sources */,
				35C31D9D24DC47000067D9A5 /* SignUpViewController.swift in Sources */,
				35B387AB24E1B30800D9274F /* FormReqModel.swift in Sources */,
				35F9679224E013E700F56411 /* ImageResModel.swift in Sources */,
			);
			runOnlyForDeploymentPostprocessing = 0;
		};
		35C31D6C24DC40200067D9A5 /* Sources */ = {
			isa = PBXSourcesBuildPhase;
			buildActionMask = 2147483647;
			files = (
				35C31D7524DC40200067D9A5 /* ConnectTests.swift in Sources */,
			);
			runOnlyForDeploymentPostprocessing = 0;
		};
		35C31D7724DC40200067D9A5 /* Sources */ = {
			isa = PBXSourcesBuildPhase;
			buildActionMask = 2147483647;
			files = (
				35C31D8024DC40200067D9A5 /* ConnectUITests.swift in Sources */,
			);
			runOnlyForDeploymentPostprocessing = 0;
		};
/* End PBXSourcesBuildPhase section */

/* Begin PBXTargetDependency section */
		35C31D7224DC40200067D9A5 /* PBXTargetDependency */ = {
			isa = PBXTargetDependency;
			target = 35C31D5624DC401E0067D9A5 /* Connect */;
			targetProxy = 35C31D7124DC40200067D9A5 /* PBXContainerItemProxy */;
		};
		35C31D7D24DC40200067D9A5 /* PBXTargetDependency */ = {
			isa = PBXTargetDependency;
			target = 35C31D5624DC401E0067D9A5 /* Connect */;
			targetProxy = 35C31D7C24DC40200067D9A5 /* PBXContainerItemProxy */;
		};
/* End PBXTargetDependency section */

/* Begin PBXVariantGroup section */
		35C31D6824DC40200067D9A5 /* LaunchScreen.storyboard */ = {
			isa = PBXVariantGroup;
			children = (
				35C31D6924DC40200067D9A5 /* Base */,
			);
			name = LaunchScreen.storyboard;
			sourceTree = "<group>";
		};
/* End PBXVariantGroup section */

/* Begin XCBuildConfiguration section */
		35C31D8224DC40200067D9A5 /* Debug */ = {
			isa = XCBuildConfiguration;
			buildSettings = {
				ALWAYS_SEARCH_USER_PATHS = NO;
				CLANG_ANALYZER_NONNULL = YES;
				CLANG_ANALYZER_NUMBER_OBJECT_CONVERSION = YES_AGGRESSIVE;
				CLANG_CXX_LANGUAGE_STANDARD = "gnu++14";
				CLANG_CXX_LIBRARY = "libc++";
				CLANG_ENABLE_MODULES = YES;
				CLANG_ENABLE_OBJC_ARC = YES;
				CLANG_ENABLE_OBJC_WEAK = YES;
				CLANG_WARN_BLOCK_CAPTURE_AUTORELEASING = YES;
				CLANG_WARN_BOOL_CONVERSION = YES;
				CLANG_WARN_COMMA = YES;
				CLANG_WARN_CONSTANT_CONVERSION = YES;
				CLANG_WARN_DEPRECATED_OBJC_IMPLEMENTATIONS = YES;
				CLANG_WARN_DIRECT_OBJC_ISA_USAGE = YES_ERROR;
				CLANG_WARN_DOCUMENTATION_COMMENTS = YES;
				CLANG_WARN_EMPTY_BODY = YES;
				CLANG_WARN_ENUM_CONVERSION = YES;
				CLANG_WARN_INFINITE_RECURSION = YES;
				CLANG_WARN_INT_CONVERSION = YES;
				CLANG_WARN_NON_LITERAL_NULL_CONVERSION = YES;
				CLANG_WARN_OBJC_IMPLICIT_RETAIN_SELF = YES;
				CLANG_WARN_OBJC_LITERAL_CONVERSION = YES;
				CLANG_WARN_OBJC_ROOT_CLASS = YES_ERROR;
				CLANG_WARN_RANGE_LOOP_ANALYSIS = YES;
				CLANG_WARN_STRICT_PROTOTYPES = YES;
				CLANG_WARN_SUSPICIOUS_MOVE = YES;
				CLANG_WARN_UNGUARDED_AVAILABILITY = YES_AGGRESSIVE;
				CLANG_WARN_UNREACHABLE_CODE = YES;
				CLANG_WARN__DUPLICATE_METHOD_MATCH = YES;
				COPY_PHASE_STRIP = NO;
				DEBUG_INFORMATION_FORMAT = dwarf;
				ENABLE_STRICT_OBJC_MSGSEND = YES;
				ENABLE_TESTABILITY = YES;
				GCC_C_LANGUAGE_STANDARD = gnu11;
				GCC_DYNAMIC_NO_PIC = NO;
				GCC_NO_COMMON_BLOCKS = YES;
				GCC_OPTIMIZATION_LEVEL = 0;
				GCC_PREPROCESSOR_DEFINITIONS = (
					"DEBUG=1",
					"$(inherited)",
				);
				GCC_WARN_64_TO_32_BIT_CONVERSION = YES;
				GCC_WARN_ABOUT_RETURN_TYPE = YES_ERROR;
				GCC_WARN_UNDECLARED_SELECTOR = YES;
				GCC_WARN_UNINITIALIZED_AUTOS = YES_AGGRESSIVE;
				GCC_WARN_UNUSED_FUNCTION = YES;
				GCC_WARN_UNUSED_VARIABLE = YES;
				IPHONEOS_DEPLOYMENT_TARGET = 11.2;
				MTL_ENABLE_DEBUG_INFO = INCLUDE_SOURCE;
				MTL_FAST_MATH = YES;
				ONLY_ACTIVE_ARCH = YES;
				SDKROOT = iphoneos;
				SWIFT_ACTIVE_COMPILATION_CONDITIONS = DEBUG;
				SWIFT_OPTIMIZATION_LEVEL = "-Onone";
			};
			name = Debug;
		};
		35C31D8324DC40200067D9A5 /* Release */ = {
			isa = XCBuildConfiguration;
			buildSettings = {
				ALWAYS_SEARCH_USER_PATHS = NO;
				CLANG_ANALYZER_NONNULL = YES;
				CLANG_ANALYZER_NUMBER_OBJECT_CONVERSION = YES_AGGRESSIVE;
				CLANG_CXX_LANGUAGE_STANDARD = "gnu++14";
				CLANG_CXX_LIBRARY = "libc++";
				CLANG_ENABLE_MODULES = YES;
				CLANG_ENABLE_OBJC_ARC = YES;
				CLANG_ENABLE_OBJC_WEAK = YES;
				CLANG_WARN_BLOCK_CAPTURE_AUTORELEASING = YES;
				CLANG_WARN_BOOL_CONVERSION = YES;
				CLANG_WARN_COMMA = YES;
				CLANG_WARN_CONSTANT_CONVERSION = YES;
				CLANG_WARN_DEPRECATED_OBJC_IMPLEMENTATIONS = YES;
				CLANG_WARN_DIRECT_OBJC_ISA_USAGE = YES_ERROR;
				CLANG_WARN_DOCUMENTATION_COMMENTS = YES;
				CLANG_WARN_EMPTY_BODY = YES;
				CLANG_WARN_ENUM_CONVERSION = YES;
				CLANG_WARN_INFINITE_RECURSION = YES;
				CLANG_WARN_INT_CONVERSION = YES;
				CLANG_WARN_NON_LITERAL_NULL_CONVERSION = YES;
				CLANG_WARN_OBJC_IMPLICIT_RETAIN_SELF = YES;
				CLANG_WARN_OBJC_LITERAL_CONVERSION = YES;
				CLANG_WARN_OBJC_ROOT_CLASS = YES_ERROR;
				CLANG_WARN_RANGE_LOOP_ANALYSIS = YES;
				CLANG_WARN_STRICT_PROTOTYPES = YES;
				CLANG_WARN_SUSPICIOUS_MOVE = YES;
				CLANG_WARN_UNGUARDED_AVAILABILITY = YES_AGGRESSIVE;
				CLANG_WARN_UNREACHABLE_CODE = YES;
				CLANG_WARN__DUPLICATE_METHOD_MATCH = YES;
				COPY_PHASE_STRIP = NO;
				DEBUG_INFORMATION_FORMAT = "dwarf-with-dsym";
				ENABLE_NS_ASSERTIONS = NO;
				ENABLE_STRICT_OBJC_MSGSEND = YES;
				GCC_C_LANGUAGE_STANDARD = gnu11;
				GCC_NO_COMMON_BLOCKS = YES;
				GCC_WARN_64_TO_32_BIT_CONVERSION = YES;
				GCC_WARN_ABOUT_RETURN_TYPE = YES_ERROR;
				GCC_WARN_UNDECLARED_SELECTOR = YES;
				GCC_WARN_UNINITIALIZED_AUTOS = YES_AGGRESSIVE;
				GCC_WARN_UNUSED_FUNCTION = YES;
				GCC_WARN_UNUSED_VARIABLE = YES;
				IPHONEOS_DEPLOYMENT_TARGET = 11.2;
				MTL_ENABLE_DEBUG_INFO = NO;
				MTL_FAST_MATH = YES;
				SDKROOT = iphoneos;
				SWIFT_COMPILATION_MODE = wholemodule;
				SWIFT_OPTIMIZATION_LEVEL = "-O";
				VALIDATE_PRODUCT = YES;
			};
			name = Release;
		};
		35C31D8524DC40200067D9A5 /* Debug */ = {
			isa = XCBuildConfiguration;
			buildSettings = {
				ASSETCATALOG_COMPILER_APPICON_NAME = AppIcon;
				CODE_SIGN_STYLE = Automatic;
				INFOPLIST_FILE = Connect/Info.plist;
				LD_RUNPATH_SEARCH_PATHS = (
					"$(inherited)",
					"@executable_path/Frameworks",
				);
				PRODUCT_BUNDLE_IDENTIFIER = com.vb.Connect;
				PRODUCT_NAME = "$(TARGET_NAME)";
				SWIFT_VERSION = 5.0;
				TARGETED_DEVICE_FAMILY = 1;
			};
			name = Debug;
		};
		35C31D8624DC40200067D9A5 /* Release */ = {
			isa = XCBuildConfiguration;
			buildSettings = {
				ASSETCATALOG_COMPILER_APPICON_NAME = AppIcon;
				CODE_SIGN_STYLE = Automatic;
				INFOPLIST_FILE = Connect/Info.plist;
				LD_RUNPATH_SEARCH_PATHS = (
					"$(inherited)",
					"@executable_path/Frameworks",
				);
				PRODUCT_BUNDLE_IDENTIFIER = com.vb.Connect;
				PRODUCT_NAME = "$(TARGET_NAME)";
				SWIFT_VERSION = 5.0;
				TARGETED_DEVICE_FAMILY = 1;
			};
			name = Release;
		};
		35C31D8824DC40200067D9A5 /* Debug */ = {
			isa = XCBuildConfiguration;
			buildSettings = {
				ALWAYS_EMBED_SWIFT_STANDARD_LIBRARIES = YES;
				BUNDLE_LOADER = "$(TEST_HOST)";
				CODE_SIGN_STYLE = Automatic;
				INFOPLIST_FILE = ConnectTests/Info.plist;
				IPHONEOS_DEPLOYMENT_TARGET = 13.6;
				LD_RUNPATH_SEARCH_PATHS = (
					"$(inherited)",
					"@executable_path/Frameworks",
					"@loader_path/Frameworks",
				);
				PRODUCT_BUNDLE_IDENTIFIER = com.vb.ConnectTests;
				PRODUCT_NAME = "$(TARGET_NAME)";
				SWIFT_VERSION = 5.0;
				TARGETED_DEVICE_FAMILY = "1,2";
				TEST_HOST = "$(BUILT_PRODUCTS_DIR)/Connect.app/Connect";
			};
			name = Debug;
		};
		35C31D8924DC40200067D9A5 /* Release */ = {
			isa = XCBuildConfiguration;
			buildSettings = {
				ALWAYS_EMBED_SWIFT_STANDARD_LIBRARIES = YES;
				BUNDLE_LOADER = "$(TEST_HOST)";
				CODE_SIGN_STYLE = Automatic;
				INFOPLIST_FILE = ConnectTests/Info.plist;
				IPHONEOS_DEPLOYMENT_TARGET = 13.6;
				LD_RUNPATH_SEARCH_PATHS = (
					"$(inherited)",
					"@executable_path/Frameworks",
					"@loader_path/Frameworks",
				);
				PRODUCT_BUNDLE_IDENTIFIER = com.vb.ConnectTests;
				PRODUCT_NAME = "$(TARGET_NAME)";
				SWIFT_VERSION = 5.0;
				TARGETED_DEVICE_FAMILY = "1,2";
				TEST_HOST = "$(BUILT_PRODUCTS_DIR)/Connect.app/Connect";
			};
			name = Release;
		};
		35C31D8B24DC40200067D9A5 /* Debug */ = {
			isa = XCBuildConfiguration;
			buildSettings = {
				ALWAYS_EMBED_SWIFT_STANDARD_LIBRARIES = YES;
				CODE_SIGN_STYLE = Automatic;
				INFOPLIST_FILE = ConnectUITests/Info.plist;
				LD_RUNPATH_SEARCH_PATHS = (
					"$(inherited)",
					"@executable_path/Frameworks",
					"@loader_path/Frameworks",
				);
				PRODUCT_BUNDLE_IDENTIFIER = com.vb.ConnectUITests;
				PRODUCT_NAME = "$(TARGET_NAME)";
				SWIFT_VERSION = 5.0;
				TARGETED_DEVICE_FAMILY = "1,2";
				TEST_TARGET_NAME = Connect;
			};
			name = Debug;
		};
		35C31D8C24DC40200067D9A5 /* Release */ = {
			isa = XCBuildConfiguration;
			buildSettings = {
				ALWAYS_EMBED_SWIFT_STANDARD_LIBRARIES = YES;
				CODE_SIGN_STYLE = Automatic;
				INFOPLIST_FILE = ConnectUITests/Info.plist;
				LD_RUNPATH_SEARCH_PATHS = (
					"$(inherited)",
					"@executable_path/Frameworks",
					"@loader_path/Frameworks",
				);
				PRODUCT_BUNDLE_IDENTIFIER = com.vb.ConnectUITests;
				PRODUCT_NAME = "$(TARGET_NAME)";
				SWIFT_VERSION = 5.0;
				TARGETED_DEVICE_FAMILY = "1,2";
				TEST_TARGET_NAME = Connect;
			};
			name = Release;
		};
/* End XCBuildConfiguration section */

/* Begin XCConfigurationList section */
		35C31D5224DC401E0067D9A5 /* Build configuration list for PBXProject "Connect" */ = {
			isa = XCConfigurationList;
			buildConfigurations = (
				35C31D8224DC40200067D9A5 /* Debug */,
				35C31D8324DC40200067D9A5 /* Release */,
			);
			defaultConfigurationIsVisible = 0;
			defaultConfigurationName = Release;
		};
		35C31D8424DC40200067D9A5 /* Build configuration list for PBXNativeTarget "Connect" */ = {
			isa = XCConfigurationList;
			buildConfigurations = (
				35C31D8524DC40200067D9A5 /* Debug */,
				35C31D8624DC40200067D9A5 /* Release */,
			);
			defaultConfigurationIsVisible = 0;
			defaultConfigurationName = Release;
		};
		35C31D8724DC40200067D9A5 /* Build configuration list for PBXNativeTarget "ConnectTests" */ = {
			isa = XCConfigurationList;
			buildConfigurations = (
				35C31D8824DC40200067D9A5 /* Debug */,
				35C31D8924DC40200067D9A5 /* Release */,
			);
			defaultConfigurationIsVisible = 0;
			defaultConfigurationName = Release;
		};
		35C31D8A24DC40200067D9A5 /* Build configuration list for PBXNativeTarget "ConnectUITests" */ = {
			isa = XCConfigurationList;
			buildConfigurations = (
				35C31D8B24DC40200067D9A5 /* Debug */,
				35C31D8C24DC40200067D9A5 /* Release */,
			);
			defaultConfigurationIsVisible = 0;
			defaultConfigurationName = Release;
		};
/* End XCConfigurationList section */

/* Begin XCRemoteSwiftPackageReference section */
		35C31D8D24DC40A90067D9A5 /* XCRemoteSwiftPackageReference "IQKeyboardManager" */ = {
			isa = XCRemoteSwiftPackageReference;
			repositoryURL = "https://github.com/hackiftekhar/IQKeyboardManager.git";
			requirement = {
				kind = upToNextMajorVersion;
				minimumVersion = 6.5.5;
			};
		};
		35F9676624DDF10500F56411 /* XCRemoteSwiftPackageReference "Kingfisher" */ = {
			isa = XCRemoteSwiftPackageReference;
			repositoryURL = "https://github.com/onevcat/Kingfisher.git";
			requirement = {
				kind = upToNextMajorVersion;
				minimumVersion = 5.14.1;
			};
		};
		35F9677924DFC20A00F56411 /* XCRemoteSwiftPackageReference "lottie-ios" */ = {
			isa = XCRemoteSwiftPackageReference;
			repositoryURL = "https://github.com/airbnb/lottie-ios.git";
			requirement = {
				kind = upToNextMajorVersion;
				minimumVersion = 3.1.8;
			};
		};
/* End XCRemoteSwiftPackageReference section */

/* Begin XCSwiftPackageProductDependency section */
		35C31D8E24DC40A90067D9A5 /* IQKeyboardManagerSwift */ = {
			isa = XCSwiftPackageProductDependency;
			package = 35C31D8D24DC40A90067D9A5 /* XCRemoteSwiftPackageReference "IQKeyboardManager" */;
			productName = IQKeyboardManagerSwift;
		};
		35F9676724DDF10500F56411 /* KingfisherStatic */ = {
			isa = XCSwiftPackageProductDependency;
			package = 35F9676624DDF10500F56411 /* XCRemoteSwiftPackageReference "Kingfisher" */;
			productName = KingfisherStatic;
		};
		35F9676924DDF10500F56411 /* KingfisherDynamic */ = {
			isa = XCSwiftPackageProductDependency;
			package = 35F9676624DDF10500F56411 /* XCRemoteSwiftPackageReference "Kingfisher" */;
			productName = KingfisherDynamic;
		};
		35F9676C24DDF10500F56411 /* Kingfisher */ = {
			isa = XCSwiftPackageProductDependency;
			package = 35F9676624DDF10500F56411 /* XCRemoteSwiftPackageReference "Kingfisher" */;
			productName = Kingfisher;
		};
		35F9677A24DFC20A00F56411 /* Lottie */ = {
			isa = XCSwiftPackageProductDependency;
			package = 35F9677924DFC20A00F56411 /* XCRemoteSwiftPackageReference "lottie-ios" */;
			productName = Lottie;
		};
/* End XCSwiftPackageProductDependency section */

/* Begin XCVersionGroup section */
		35C31D6324DC401E0067D9A5 /* Connect.xcdatamodeld */ = {
			isa = XCVersionGroup;
			children = (
				35C31D6424DC401E0067D9A5 /* Connect.xcdatamodel */,
			);
			currentVersion = 35C31D6424DC401E0067D9A5 /* Connect.xcdatamodel */;
			path = Connect.xcdatamodeld;
			sourceTree = "<group>";
			versionGroupType = wrapper.xcdatamodel;
		};
/* End XCVersionGroup section */
	};
	rootObject = 35C31D4F24DC401E0067D9A5 /* Project object */;
}
